
Microsoft Visual Studio Solution File, Format Version 12.00
# Visual Studio 14
VisualStudioVersion = 14.0.25420.1
MinimumVisualStudioVersion = 10.0.40219.1
Project("{FAE04EC0-301F-11D3-BF4B-00C04F79EFBC}") = "Basic01", "Basic01\Basic01.csproj", "{23B83FCC-64B0-4AE9-B969-08C747AB759C}"
EndProject
Project("{FAE04EC0-301F-11D3-BF4B-00C04F79EFBC}") = "form01", "form01\form01.csproj", "{CA05BE28-29DD-4381-AC1C-80C342C3C25C}"
EndProject
Project("{FAE04EC0-301F-11D3-BF4B-00C04F79EFBC}") = "StudentLib", "StudentLib\StudentLib.csproj", "{971E134B-B2CC-443D-8666-633D1C013FC7}"
EndProject
Project("{FAE04EC0-301F-11D3-BF4B-00C04F79EFBC}") = "Employee_Collection", "Employee_Collection\Employee_Collection.csproj", "{4127EDFA-0FEC-4DF9-936F-D4AD7AF861C1}"
EndProject
Project("{FAE04EC0-301F-11D3-BF4B-00C04F79EFBC}") = "Collection", "Collection\Collection.csproj", "{7373F5DA-8B29-4A8B-8E91-9C51263BFCD9}"
EndProject
Project("{FAE04EC0-301F-11D3-BF4B-00C04F79EFBC}") = "File_IO", "File_IO\File_IO.csproj", "{E0746266-848D-404F-A88C-4C48022C6145}"
EndProject
Project("{FAE04EC0-301F-11D3-BF4B-00C04F79EFBC}") = "MathsLib", "MathsLib\MathsLib.csproj", "{079B588C-E3DF-493B-97C3-B6B68CF44BFD}"
EndProject
Project("{FAE04EC0-301F-11D3-BF4B-00C04F79EFBC}") = "01Reflection", "01Reflection\01Reflection.csproj", "{FD4CEE12-A8FE-46FF-BA07-4A50B3F84055}"
EndProject
Project("{FAE04EC0-301F-11D3-BF4B-00C04F79EFBC}") = "table_attr01", "table_attr01\table_attr01.csproj", "{D9E404E0-5DA1-4E3B-AC26-3F9A0AF94BEB}"
EndProject
Project("{FAE04EC0-301F-11D3-BF4B-00C04F79EFBC}") = "Emp_Lib", "Emp_Lib\Emp_Lib.csproj", "{11420F1C-6EF7-426F-9863-031D944C145F}"
EndProject
Global
	GlobalSection(SolutionConfigurationPlatforms) = preSolution
		Debug|Any CPU = Debug|Any CPU
		Release|Any CPU = Release|Any CPU
	EndGlobalSection
	GlobalSection(ProjectConfigurationPlatforms) = postSolution
		{23B83FCC-64B0-4AE9-B969-08C747AB759C}.Debug|Any CPU.ActiveCfg = Debug|Any CPU
		{23B83FCC-64B0-4AE9-B969-08C747AB759C}.Debug|Any CPU.Build.0 = Debug|Any CPU
		{23B83FCC-64B0-4AE9-B969-08C747AB759C}.Release|Any CPU.ActiveCfg = Release|Any CPU
		{23B83FCC-64B0-4AE9-B969-08C747AB759C}.Release|Any CPU.Build.0 = Release|Any CPU
		{CA05BE28-29DD-4381-AC1C-80C342C3C25C}.Debug|Any CPU.ActiveCfg = Debug|Any CPU
		{CA05BE28-29DD-4381-AC1C-80C342C3C25C}.Debug|Any CPU.Build.0 = Debug|Any CPU
		{CA05BE28-29DD-4381-AC1C-80C342C3C25C}.Release|Any CPU.ActiveCfg = Release|Any CPU
		{CA05BE28-29DD-4381-AC1C-80C342C3C25C}.Release|Any CPU.Build.0 = Release|Any CPU
		{971E134B-B2CC-443D-8666-633D1C013FC7}.Debug|Any CPU.ActiveCfg = Debug|Any CPU
		{971E134B-B2CC-443D-8666-633D1C013FC7}.Debug|Any CPU.Build.0 = Debug|Any CPU
		{971E134B-B2CC-443D-8666-633D1C013FC7}.Release|Any CPU.ActiveCfg = Release|Any CPU
		{971E134B-B2CC-443D-8666-633D1C013FC7}.Release|Any CPU.Build.0 = Release|Any CPU
		{4127EDFA-0FEC-4DF9-936F-D4AD7AF861C1}.Debug|Any CPU.ActiveCfg = Debug|Any CPU
		{4127EDFA-0FEC-4DF9-936F-D4AD7AF861C1}.Debug|Any CPU.Build.0 = Debug|Any CPU
		{4127EDFA-0FEC-4DF9-936F-D4AD7AF861C1}.Release|Any CPU.ActiveCfg = Release|Any CPU
		{4127EDFA-0FEC-4DF9-936F-D4AD7AF861C1}.Release|Any CPU.Build.0 = Release|Any CPU
		{7373F5DA-8B29-4A8B-8E91-9C51263BFCD9}.Debug|Any CPU.ActiveCfg = Debug|Any CPU
		{7373F5DA-8B29-4A8B-8E91-9C51263BFCD9}.Debug|Any CPU.Build.0 = Debug|Any CPU
		{7373F5DA-8B29-4A8B-8E91-9C51263BFCD9}.Release|Any CPU.ActiveCfg = Release|Any CPU
		{7373F5DA-8B29-4A8B-8E91-9C51263BFCD9}.Release|Any CPU.Build.0 = Release|Any CPU
		{E0746266-848D-404F-A88C-4C48022C6145}.Debug|Any CPU.ActiveCfg = Debug|Any CPU
		{E0746266-848D-404F-A88C-4C48022C6145}.Debug|Any CPU.Build.0 = Debug|Any CPU
		{E0746266-848D-404F-A88C-4C48022C6145}.Release|Any CPU.ActiveCfg = Release|Any CPU
		{E0746266-848D-404F-A88C-4C48022C6145}.Release|Any CPU.Build.0 = Release|Any CPU
		{079B588C-E3DF-493B-97C3-B6B68CF44BFD}.Debug|Any CPU.ActiveCfg = Debug|Any CPU
		{079B588C-E3DF-493B-97C3-B6B68CF44BFD}.Debug|Any CPU.Build.0 = Debug|Any CPU
		{079B588C-E3DF-493B-97C3-B6B68CF44BFD}.Release|Any CPU.ActiveCfg = Release|Any CPU
		{079B588C-E3DF-493B-97C3-B6B68CF44BFD}.Release|Any CPU.Build.0 = Release|Any CPU
		{FD4CEE12-A8FE-46FF-BA07-4A50B3F84055}.Debug|Any CPU.ActiveCfg = Debug|Any CPU
		{FD4CEE12-A8FE-46FF-BA07-4A50B3F84055}.Debug|Any CPU.Build.0 = Debug|Any CPU
		{FD4CEE12-A8FE-46FF-BA07-4A50B3F84055}.Release|Any CPU.ActiveCfg = Release|Any CPU
		{FD4CEE12-A8FE-46FF-BA07-4A50B3F84055}.Release|Any CPU.Build.0 = Release|Any CPU
		{D9E404E0-5DA1-4E3B-AC26-3F9A0AF94BEB}.Debug|Any CPU.ActiveCfg = Debug|Any CPU
		{D9E404E0-5DA1-4E3B-AC26-3F9A0AF94BEB}.Debug|Any CPU.Build.0 = Debug|Any CPU
		{D9E404E0-5DA1-4E3B-AC26-3F9A0AF94BEB}.Release|Any CPU.ActiveCfg = Release|Any CPU
		{D9E404E0-5DA1-4E3B-AC26-3F9A0AF94BEB}.Release|Any CPU.Build.0 = Release|Any CPU
		{11420F1C-6EF7-426F-9863-031D944C145F}.Debug|Any CPU.ActiveCfg = Debug|Any CPU
		{11420F1C-6EF7-426F-9863-031D944C145F}.Debug|Any CPU.Build.0 = Debug|Any CPU
		{11420F1C-6EF7-426F-9863-031D944C145F}.Release|Any CPU.ActiveCfg = Release|Any CPU
		{11420F1C-6EF7-426F-9863-031D944C145F}.Release|Any CPU.Build.0 = Release|Any CPU
	EndGlobalSection
	GlobalSection(SolutionProperties) = preSolution
		HideSolutionNode = FALSE
	EndGlobalSection
EndGlobal
